
Microsoft Visual Studio Solution File, Format Version 12.00
# Visual Studio Version 16
VisualStudioVersion = 16.0.31112.23
MinimumVisualStudioVersion = 10.0.40219.1
Project("{FAE04EC0-301F-11D3-BF4B-00C04F79EFBC}") = "Calculator!", "Calculator!\Calculator!.csproj", "{95CCE80D-EB6E-4B72-BEB7-8F8E750F3656}"
EndProject
Project("{54435603-DBB4-11D2-8724-00A0C9A8B90C}") = "Setup", "Setup\Setup.vdproj", "{5C945DFD-6E93-43B4-A3CF-7482A788821C}"
EndProject
Global
	GlobalSection(SolutionConfigurationPlatforms) = preSolution
		Debug|Any CPU = Debug|Any CPU
		Debug|x64 = Debug|x64
		Release|Any CPU = Release|Any CPU
		Release|x64 = Release|x64
	EndGlobalSection
	GlobalSection(ProjectConfigurationPlatforms) = postSolution
		{95CCE80D-EB6E-4B72-BEB7-8F8E750F3656}.Debug|Any CPU.ActiveCfg = Debug|Any CPU
		{95CCE80D-EB6E-4B72-BEB7-8F8E750F3656}.Debug|Any CPU.Build.0 = Debug|Any CPU
		{95CCE80D-EB6E-4B72-BEB7-8F8E750F3656}.Debug|x64.ActiveCfg = Debug|x64
		{95CCE80D-EB6E-4B72-BEB7-8F8E750F3656}.Debug|x64.Build.0 = Debug|x64
		{95CCE80D-EB6E-4B72-BEB7-8F8E750F3656}.Release|Any CPU.ActiveCfg = Release|Any CPU
		{95CCE80D-EB6E-4B72-BEB7-8F8E750F3656}.Release|Any CPU.Build.0 = Release|Any CPU
		{95CCE80D-EB6E-4B72-BEB7-8F8E750F3656}.Release|x64.ActiveCfg = Release|x64
		{95CCE80D-EB6E-4B72-BEB7-8F8E750F3656}.Release|x64.Build.0 = Release|x64
		{5C945DFD-6E93-43B4-A3CF-7482A788821C}.Debug|Any CPU.ActiveCfg = Debug
		{5C945DFD-6E93-43B4-A3CF-7482A788821C}.Debug|x64.ActiveCfg = Debug
		{5C945DFD-6E93-43B4-A3CF-7482A788821C}.Release|Any CPU.ActiveCfg = Release
		{5C945DFD-6E93-43B4-A3CF-7482A788821C}.Release|x64.ActiveCfg = Release
	EndGlobalSection
	GlobalSection(SolutionProperties) = preSolution
		HideSolutionNode = FALSE
	EndGlobalSection
	GlobalSection(ExtensibilityGlobals) = postSolution
		SolutionGuid = {C8DE4FED-B6A1-4D4F-A18B-3457BA6F49C7}
	EndGlobalSection
EndGlobal
